PODS:
  - Google-Mobile-Ads-SDK (7.29.0)
  - QBImagePickerController (3.4.0)
  - RSKImageCropper (2.0.0)

DEPENDENCIES:
  - Google-Mobile-Ads-SDK
  - QBImagePickerController
  - RSKImageCropper

SPEC REPOS:
  https://github.com/cocoapods/specs.git:
    - Google-Mobile-Ads-SDK
    - QBImagePickerController
    - RSKImageCropper

SPEC CHECKSUMS:
  Google-Mobile-Ads-SDK: 375bbb821b3df2106c37b74f6b0a97576ddc5f6b
  QBImagePickerController: d54cf93db6decf26baf6ed3472f336ef35cae022
  RSKImageCropper: d9a1acbc0600bf8decc8f0d21895872c99a9e4cf

PODFILE CHECKSUM: 37945ddf970518caaf601c510c923862cf4aaa85

COCOAPODS: 1.5.3
